<Solution>
  <Project Path="PortalDoPublicador.AppHost/PortalDoPublicador.AppHost.csproj" />
  <Project Path="PortalDoPublicador.Client/PortalDoPublicador.Client.csproj" />
  <Project Path="PortalDoPublicador.Server/PortalDoPublicador.Server.csproj" />
  <Project Path="PortalDoPublicador.ServiceDefaults/PortalDoPublicador.ServiceDefaults.csproj" />
  <Project Path="PortalDoPublicador.Shared/PortalDoPublicador.Shared.csproj" />
</Solution>
